<?xml version="1.0" encoding="utf-8"?>
<Project ToolsVersion="4.0" xmlns="http://schemas.microsoft.com/developer/msbuild/2003">
  <ItemGroup>
    <None Include="..\..\..\..\Documents\Arduino\sketch_may29a\sketch_jun05c\sketch_jun05c.ino" />
  </ItemGroup>
  <ItemGroup>
    <ClCompile Include="..\..\..\..\Documents\Arduino\sketch_may29a\sketch_jun05c\Event.cpp" />
    <ClCompile Include="..\..\..\..\Documents\Arduino\sketch_may29a\sketch_jun05c\HTMLFactory.cpp" />
    <ClCompile Include="..\..\..\..\Documents\Arduino\sketch_may29a\sketch_jun05c\Scheduler.cpp" />
  </ItemGroup>
  <ItemGroup>
    <ClInclude Include="..\..\..\..\Documents\Arduino\sketch_may29a\sketch_jun05c\Event.h" />
    <ClInclude Include="..\..\..\..\Documents\Arduino\sketch_may29a\sketch_jun05c\HTMLFactory.h" />
    <ClInclude Include="..\..\..\..\Documents\Arduino\sketch_may29a\sketch_jun05c\Scheduler.h" />
  </ItemGroup>
</Project>